
Microsoft Visual Studio Solution File, Format Version 12.00
# Visual Studio Version 17
VisualStudioVersion = 17.4.33020.496
MinimumVisualStudioVersion = 10.0.40219.1
Project("{FAE04EC0-301F-11D3-BF4B-00C04F79EFBC}") = "Keboom", "Keboom\Keboom.csproj", "{76498BF5-EE96-4F87-8D9D-E36D5297585E}"
EndProject
Global
	GlobalSection(SolutionConfigurationPlatforms) = preSolution
		Debug|Any CPU = Debug|Any CPU
		Release|Any CPU = Release|Any CPU
	EndGlobalSection
	GlobalSection(ProjectConfigurationPlatforms) = postSolution
		{76498BF5-EE96-4F87-8D9D-E36D5297585E}.Debug|Any CPU.ActiveCfg = Debug|Any CPU
		{76498BF5-EE96-4F87-8D9D-E36D5297585E}.Debug|Any CPU.Build.0 = Debug|Any CPU
		{76498BF5-EE96-4F87-8D9D-E36D5297585E}.Release|Any CPU.ActiveCfg = Release|Any CPU
		{76498BF5-EE96-4F87-8D9D-E36D5297585E}.Release|Any CPU.Build.0 = Release|Any CPU
	EndGlobalSection
	GlobalSection(SolutionProperties) = preSolution
		HideSolutionNode = FALSE
	EndGlobalSection
	GlobalSection(ExtensibilityGlobals) = postSolution
		SolutionGuid = {8EF5DE34-E238-44FE-8951-8E0DDA69537D}
	EndGlobalSection
EndGlobal
